
Microsoft Visual Studio Solution File, Format Version 12.00
Project("{FAE04EC0-301F-11D3-BF4B-00C04F79EFBC}") = "Mercator", "Mercator\Mercator.csproj", "{7F408C81-74A8-4969-8CC0-28AF474AB871}"
EndProject
Project("{FAE04EC0-301F-11D3-BF4B-00C04F79EFBC}") = "Mercator.Tests", "Mercator.Tests\Mercator.Tests.csproj", "{E152758F-1BEB-427B-BA1E-0C06F225C9C5}"
EndProject
Project("{FAE04EC0-301F-11D3-BF4B-00C04F79EFBC}") = "Mercator.Benchmarks", "Mercator.Benchmarks\Mercator.Benchmarks.csproj", "{D8FD0BDD-6704-40A9-A013-891378360C1D}"
EndProject
Global
	GlobalSection(SolutionConfigurationPlatforms) = preSolution
		Debug|Any CPU = Debug|Any CPU
		Debug|x64 = Debug|x64
		Debug|x86 = Debug|x86
		Release|Any CPU = Release|Any CPU
		Release|x64 = Release|x64
		Release|x86 = Release|x86
	EndGlobalSection
	GlobalSection(ProjectConfigurationPlatforms) = postSolution
		{7F408C81-74A8-4969-8CC0-28AF474AB871}.Debug|Any CPU.ActiveCfg = Debug|Any CPU
		{7F408C81-74A8-4969-8CC0-28AF474AB871}.Debug|Any CPU.Build.0 = Debug|Any CPU
		{7F408C81-74A8-4969-8CC0-28AF474AB871}.Debug|x64.ActiveCfg = Debug|Any CPU
		{7F408C81-74A8-4969-8CC0-28AF474AB871}.Debug|x64.Build.0 = Debug|Any CPU
		{7F408C81-74A8-4969-8CC0-28AF474AB871}.Debug|x86.ActiveCfg = Debug|Any CPU
		{7F408C81-74A8-4969-8CC0-28AF474AB871}.Debug|x86.Build.0 = Debug|Any CPU
		{7F408C81-74A8-4969-8CC0-28AF474AB871}.Release|Any CPU.ActiveCfg = Release|Any CPU
		{7F408C81-74A8-4969-8CC0-28AF474AB871}.Release|Any CPU.Build.0 = Release|Any CPU
		{7F408C81-74A8-4969-8CC0-28AF474AB871}.Release|x64.ActiveCfg = Release|Any CPU
		{7F408C81-74A8-4969-8CC0-28AF474AB871}.Release|x64.Build.0 = Release|Any CPU
		{7F408C81-74A8-4969-8CC0-28AF474AB871}.Release|x86.ActiveCfg = Release|Any CPU
		{7F408C81-74A8-4969-8CC0-28AF474AB871}.Release|x86.Build.0 = Release|Any CPU
		{E152758F-1BEB-427B-BA1E-0C06F225C9C5}.Debug|Any CPU.ActiveCfg = Debug|Any CPU
		{E152758F-1BEB-427B-BA1E-0C06F225C9C5}.Debug|Any CPU.Build.0 = Debug|Any CPU
		{E152758F-1BEB-427B-BA1E-0C06F225C9C5}.Debug|x64.ActiveCfg = Debug|Any CPU
		{E152758F-1BEB-427B-BA1E-0C06F225C9C5}.Debug|x64.Build.0 = Debug|Any CPU
		{E152758F-1BEB-427B-BA1E-0C06F225C9C5}.Debug|x86.ActiveCfg = Debug|Any CPU
		{E152758F-1BEB-427B-BA1E-0C06F225C9C5}.Debug|x86.Build.0 = Debug|Any CPU
		{E152758F-1BEB-427B-BA1E-0C06F225C9C5}.Release|Any CPU.ActiveCfg = Release|Any CPU
		{E152758F-1BEB-427B-BA1E-0C06F225C9C5}.Release|Any CPU.Build.0 = Release|Any CPU
		{E152758F-1BEB-427B-BA1E-0C06F225C9C5}.Release|x64.ActiveCfg = Release|Any CPU
		{E152758F-1BEB-427B-BA1E-0C06F225C9C5}.Release|x64.Build.0 = Release|Any CPU
		{E152758F-1BEB-427B-BA1E-0C06F225C9C5}.Release|x86.ActiveCfg = Release|Any CPU
		{E152758F-1BEB-427B-BA1E-0C06F225C9C5}.Release|x86.Build.0 = Release|Any CPU
		{D8FD0BDD-6704-40A9-A013-891378360C1D}.Debug|Any CPU.ActiveCfg = Debug|Any CPU
		{D8FD0BDD-6704-40A9-A013-891378360C1D}.Debug|Any CPU.Build.0 = Debug|Any CPU
		{D8FD0BDD-6704-40A9-A013-891378360C1D}.Debug|x64.ActiveCfg = Debug|Any CPU
		{D8FD0BDD-6704-40A9-A013-891378360C1D}.Debug|x64.Build.0 = Debug|Any CPU
		{D8FD0BDD-6704-40A9-A013-891378360C1D}.Debug|x86.ActiveCfg = Debug|Any CPU
		{D8FD0BDD-6704-40A9-A013-891378360C1D}.Debug|x86.Build.0 = Debug|Any CPU
		{D8FD0BDD-6704-40A9-A013-891378360C1D}.Release|Any CPU.ActiveCfg = Release|Any CPU
		{D8FD0BDD-6704-40A9-A013-891378360C1D}.Release|Any CPU.Build.0 = Release|Any CPU
		{D8FD0BDD-6704-40A9-A013-891378360C1D}.Release|x64.ActiveCfg = Release|Any CPU
		{D8FD0BDD-6704-40A9-A013-891378360C1D}.Release|x64.Build.0 = Release|Any CPU
		{D8FD0BDD-6704-40A9-A013-891378360C1D}.Release|x86.ActiveCfg = Release|Any CPU
		{D8FD0BDD-6704-40A9-A013-891378360C1D}.Release|x86.Build.0 = Release|Any CPU
	EndGlobalSection
	GlobalSection(SolutionProperties) = preSolution
		HideSolutionNode = FALSE
	EndGlobalSection
EndGlobal
